
Microsoft Visual Studio Solution File, Format Version 12.00
# Visual Studio Version 17
VisualStudioVersion = 17.7.34221.43
MinimumVisualStudioVersion = 10.0.40219.1
Project("{8BC9CEB8-8B4A-11D0-8D11-00A0C91BC942}") = "nnj", "nnj\nnj.vcxproj", "{16C1E315-D19C-4F7E-BC2B-615816FF3D31}"
EndProject
Global
	GlobalSection(SolutionConfigurationPlatforms) = preSolution
		Debug|x64 = Debug|x64
		Debug|x86 = Debug|x86
		Release|x64 = Release|x64
		Release|x86 = Release|x86
	EndGlobalSection
	GlobalSection(ProjectConfigurationPlatforms) = postSolution
		{16C1E315-D19C-4F7E-BC2B-615816FF3D31}.Debug|x64.ActiveCfg = Debug|x64
		{16C1E315-D19C-4F7E-BC2B-615816FF3D31}.Debug|x64.Build.0 = Debug|x64
		{16C1E315-D19C-4F7E-BC2B-615816FF3D31}.Debug|x86.ActiveCfg = Debug|Win32
		{16C1E315-D19C-4F7E-BC2B-615816FF3D31}.Debug|x86.Build.0 = Debug|Win32
		{16C1E315-D19C-4F7E-BC2B-615816FF3D31}.Release|x64.ActiveCfg = Release|x64
		{16C1E315-D19C-4F7E-BC2B-615816FF3D31}.Release|x64.Build.0 = Release|x64
		{16C1E315-D19C-4F7E-BC2B-615816FF3D31}.Release|x86.ActiveCfg = Release|Win32
		{16C1E315-D19C-4F7E-BC2B-615816FF3D31}.Release|x86.Build.0 = Release|Win32
	EndGlobalSection
	GlobalSection(SolutionProperties) = preSolution
		HideSolutionNode = FALSE
	EndGlobalSection
	GlobalSection(ExtensibilityGlobals) = postSolution
		SolutionGuid = {1B408AA6-3CB7-4C3C-8348-F487DA7549E7}
	EndGlobalSection
EndGlobal
