
Microsoft Visual Studio Solution File, Format Version 12.00
# Visual Studio Version 17
VisualStudioVersion = 17.7.34221.43
MinimumVisualStudioVersion = 10.0.40219.1
Project("{8BC9CEB8-8B4A-11D0-8D11-00A0C91BC942}") = "pierwse lizby", "pierwse lizby\pierwse lizby.vcxproj", "{A3315763-F325-44CA-B124-DFF060F2ACB0}"
EndProject
Global
	GlobalSection(SolutionConfigurationPlatforms) = preSolution
		Debug|x64 = Debug|x64
		Debug|x86 = Debug|x86
		Release|x64 = Release|x64
		Release|x86 = Release|x86
	EndGlobalSection
	GlobalSection(ProjectConfigurationPlatforms) = postSolution
		{A3315763-F325-44CA-B124-DFF060F2ACB0}.Debug|x64.ActiveCfg = Debug|x64
		{A3315763-F325-44CA-B124-DFF060F2ACB0}.Debug|x64.Build.0 = Debug|x64
		{A3315763-F325-44CA-B124-DFF060F2ACB0}.Debug|x86.ActiveCfg = Debug|Win32
		{A3315763-F325-44CA-B124-DFF060F2ACB0}.Debug|x86.Build.0 = Debug|Win32
		{A3315763-F325-44CA-B124-DFF060F2ACB0}.Release|x64.ActiveCfg = Release|x64
		{A3315763-F325-44CA-B124-DFF060F2ACB0}.Release|x64.Build.0 = Release|x64
		{A3315763-F325-44CA-B124-DFF060F2ACB0}.Release|x86.ActiveCfg = Release|Win32
		{A3315763-F325-44CA-B124-DFF060F2ACB0}.Release|x86.Build.0 = Release|Win32
	EndGlobalSection
	GlobalSection(SolutionProperties) = preSolution
		HideSolutionNode = FALSE
	EndGlobalSection
	GlobalSection(ExtensibilityGlobals) = postSolution
		SolutionGuid = {70C646B7-7CB3-4640-B6F8-D572D0730D09}
	EndGlobalSection
EndGlobal
