
Microsoft Visual Studio Solution File, Format Version 12.00
# Visual Studio Version 17
VisualStudioVersion = 17.7.34221.43
MinimumVisualStudioVersion = 10.0.40219.1
Project("{8BC9CEB8-8B4A-11D0-8D11-00A0C91BC942}") = "szkpuł_petle2", "szkpuł_petle2\szkpuł_petle2.vcxproj", "{BDD18CBD-1760-44A3-AD06-ED782D686DAB}"
EndProject
Global
	GlobalSection(SolutionConfigurationPlatforms) = preSolution
		Debug|x64 = Debug|x64
		Debug|x86 = Debug|x86
		Release|x64 = Release|x64
		Release|x86 = Release|x86
	EndGlobalSection
	GlobalSection(ProjectConfigurationPlatforms) = postSolution
		{BDD18CBD-1760-44A3-AD06-ED782D686DAB}.Debug|x64.ActiveCfg = Debug|x64
		{BDD18CBD-1760-44A3-AD06-ED782D686DAB}.Debug|x64.Build.0 = Debug|x64
		{BDD18CBD-1760-44A3-AD06-ED782D686DAB}.Debug|x86.ActiveCfg = Debug|Win32
		{BDD18CBD-1760-44A3-AD06-ED782D686DAB}.Debug|x86.Build.0 = Debug|Win32
		{BDD18CBD-1760-44A3-AD06-ED782D686DAB}.Release|x64.ActiveCfg = Release|x64
		{BDD18CBD-1760-44A3-AD06-ED782D686DAB}.Release|x64.Build.0 = Release|x64
		{BDD18CBD-1760-44A3-AD06-ED782D686DAB}.Release|x86.ActiveCfg = Release|Win32
		{BDD18CBD-1760-44A3-AD06-ED782D686DAB}.Release|x86.Build.0 = Release|Win32
	EndGlobalSection
	GlobalSection(SolutionProperties) = preSolution
		HideSolutionNode = FALSE
	EndGlobalSection
	GlobalSection(ExtensibilityGlobals) = postSolution
		SolutionGuid = {1D19C1E7-1E94-4955-9F00-26750F0E0D32}
	EndGlobalSection
EndGlobal
