
Microsoft Visual Studio Solution File, Format Version 12.00
# Visual Studio Version 17
VisualStudioVersion = 17.7.34221.43
MinimumVisualStudioVersion = 10.0.40219.1
Project("{8BC9CEB8-8B4A-11D0-8D11-00A0C91BC942}") = "sortowanie bizuteri", "sortowanie bizuteri\sortowanie bizuteri.vcxproj", "{2B6235CA-C1F3-4BEC-8146-F96943B834BE}"
EndProject
Global
	GlobalSection(SolutionConfigurationPlatforms) = preSolution
		Debug|x64 = Debug|x64
		Debug|x86 = Debug|x86
		Release|x64 = Release|x64
		Release|x86 = Release|x86
	EndGlobalSection
	GlobalSection(ProjectConfigurationPlatforms) = postSolution
		{2B6235CA-C1F3-4BEC-8146-F96943B834BE}.Debug|x64.ActiveCfg = Debug|x64
		{2B6235CA-C1F3-4BEC-8146-F96943B834BE}.Debug|x64.Build.0 = Debug|x64
		{2B6235CA-C1F3-4BEC-8146-F96943B834BE}.Debug|x86.ActiveCfg = Debug|Win32
		{2B6235CA-C1F3-4BEC-8146-F96943B834BE}.Debug|x86.Build.0 = Debug|Win32
		{2B6235CA-C1F3-4BEC-8146-F96943B834BE}.Release|x64.ActiveCfg = Release|x64
		{2B6235CA-C1F3-4BEC-8146-F96943B834BE}.Release|x64.Build.0 = Release|x64
		{2B6235CA-C1F3-4BEC-8146-F96943B834BE}.Release|x86.ActiveCfg = Release|Win32
		{2B6235CA-C1F3-4BEC-8146-F96943B834BE}.Release|x86.Build.0 = Release|Win32
	EndGlobalSection
	GlobalSection(SolutionProperties) = preSolution
		HideSolutionNode = FALSE
	EndGlobalSection
	GlobalSection(ExtensibilityGlobals) = postSolution
		SolutionGuid = {025AF769-FA1E-477D-8501-B16D95637D42}
	EndGlobalSection
EndGlobal
