
Microsoft Visual Studio Solution File, Format Version 12.00
# Visual Studio Version 17
VisualStudioVersion = 17.7.34221.43
MinimumVisualStudioVersion = 10.0.40219.1
Project("{8BC9CEB8-8B4A-11D0-8D11-00A0C91BC942}") = "akcje", "akcje\akcje.vcxproj", "{FA065E9E-7494-4BB6-B982-AF4F5993FDBE}"
EndProject
Global
	GlobalSection(SolutionConfigurationPlatforms) = preSolution
		Debug|x64 = Debug|x64
		Debug|x86 = Debug|x86
		Release|x64 = Release|x64
		Release|x86 = Release|x86
	EndGlobalSection
	GlobalSection(ProjectConfigurationPlatforms) = postSolution
		{FA065E9E-7494-4BB6-B982-AF4F5993FDBE}.Debug|x64.ActiveCfg = Debug|x64
		{FA065E9E-7494-4BB6-B982-AF4F5993FDBE}.Debug|x64.Build.0 = Debug|x64
		{FA065E9E-7494-4BB6-B982-AF4F5993FDBE}.Debug|x86.ActiveCfg = Debug|Win32
		{FA065E9E-7494-4BB6-B982-AF4F5993FDBE}.Debug|x86.Build.0 = Debug|Win32
		{FA065E9E-7494-4BB6-B982-AF4F5993FDBE}.Release|x64.ActiveCfg = Release|x64
		{FA065E9E-7494-4BB6-B982-AF4F5993FDBE}.Release|x64.Build.0 = Release|x64
		{FA065E9E-7494-4BB6-B982-AF4F5993FDBE}.Release|x86.ActiveCfg = Release|Win32
		{FA065E9E-7494-4BB6-B982-AF4F5993FDBE}.Release|x86.Build.0 = Release|Win32
	EndGlobalSection
	GlobalSection(SolutionProperties) = preSolution
		HideSolutionNode = FALSE
	EndGlobalSection
	GlobalSection(ExtensibilityGlobals) = postSolution
		SolutionGuid = {13A9BA79-04FF-479D-B30A-66F4153488DB}
	EndGlobalSection
EndGlobal
